
Microsoft Visual Studio Solution File, Format Version 12.00
# Visual Studio 15
VisualStudioVersion = 15.0.26124.0
MinimumVisualStudioVersion = 15.0.26124.0
Project("{FAE04EC0-301F-11D3-BF4B-00C04F79EFBC}") = "Domain", "Domain\Domain.csproj", "{EB9909B9-75D7-41B2-BFC2-FBDBFD3A742F}"
EndProject
Project("{FAE04EC0-301F-11D3-BF4B-00C04F79EFBC}") = "Application", "Application\Application.csproj", "{37433088-6EAA-4E6D-B3E1-97A194AA2297}"
EndProject
Project("{FAE04EC0-301F-11D3-BF4B-00C04F79EFBC}") = "Persistence", "Persistence\Persistence.csproj", "{6A1A4807-1068-4074-A6B8-336B5691B6FB}"
EndProject
Project("{FAE04EC0-301F-11D3-BF4B-00C04F79EFBC}") = "API", "API\API.csproj", "{F7D6D199-F83B-4417-B246-2AE708ADA9DB}"
EndProject
Global
	GlobalSection(SolutionConfigurationPlatforms) = preSolution
		Debug|Any CPU = Debug|Any CPU
		Debug|x64 = Debug|x64
		Debug|x86 = Debug|x86
		Release|Any CPU = Release|Any CPU
		Release|x64 = Release|x64
		Release|x86 = Release|x86
	EndGlobalSection
	GlobalSection(SolutionProperties) = preSolution
		HideSolutionNode = FALSE
	EndGlobalSection
	GlobalSection(ProjectConfigurationPlatforms) = postSolution
		{EB9909B9-75D7-41B2-BFC2-FBDBFD3A742F}.Debug|Any CPU.ActiveCfg = Debug|Any CPU
		{EB9909B9-75D7-41B2-BFC2-FBDBFD3A742F}.Debug|Any CPU.Build.0 = Debug|Any CPU
		{EB9909B9-75D7-41B2-BFC2-FBDBFD3A742F}.Debug|x64.ActiveCfg = Debug|Any CPU
		{EB9909B9-75D7-41B2-BFC2-FBDBFD3A742F}.Debug|x64.Build.0 = Debug|Any CPU
		{EB9909B9-75D7-41B2-BFC2-FBDBFD3A742F}.Debug|x86.ActiveCfg = Debug|Any CPU
		{EB9909B9-75D7-41B2-BFC2-FBDBFD3A742F}.Debug|x86.Build.0 = Debug|Any CPU
		{EB9909B9-75D7-41B2-BFC2-FBDBFD3A742F}.Release|Any CPU.ActiveCfg = Release|Any CPU
		{EB9909B9-75D7-41B2-BFC2-FBDBFD3A742F}.Release|Any CPU.Build.0 = Release|Any CPU
		{EB9909B9-75D7-41B2-BFC2-FBDBFD3A742F}.Release|x64.ActiveCfg = Release|Any CPU
		{EB9909B9-75D7-41B2-BFC2-FBDBFD3A742F}.Release|x64.Build.0 = Release|Any CPU
		{EB9909B9-75D7-41B2-BFC2-FBDBFD3A742F}.Release|x86.ActiveCfg = Release|Any CPU
		{EB9909B9-75D7-41B2-BFC2-FBDBFD3A742F}.Release|x86.Build.0 = Release|Any CPU
		{37433088-6EAA-4E6D-B3E1-97A194AA2297}.Debug|Any CPU.ActiveCfg = Debug|Any CPU
		{37433088-6EAA-4E6D-B3E1-97A194AA2297}.Debug|Any CPU.Build.0 = Debug|Any CPU
		{37433088-6EAA-4E6D-B3E1-97A194AA2297}.Debug|x64.ActiveCfg = Debug|Any CPU
		{37433088-6EAA-4E6D-B3E1-97A194AA2297}.Debug|x64.Build.0 = Debug|Any CPU
		{37433088-6EAA-4E6D-B3E1-97A194AA2297}.Debug|x86.ActiveCfg = Debug|Any CPU
		{37433088-6EAA-4E6D-B3E1-97A194AA2297}.Debug|x86.Build.0 = Debug|Any CPU
		{37433088-6EAA-4E6D-B3E1-97A194AA2297}.Release|Any CPU.ActiveCfg = Release|Any CPU
		{37433088-6EAA-4E6D-B3E1-97A194AA2297}.Release|Any CPU.Build.0 = Release|Any CPU
		{37433088-6EAA-4E6D-B3E1-97A194AA2297}.Release|x64.ActiveCfg = Release|Any CPU
		{37433088-6EAA-4E6D-B3E1-97A194AA2297}.Release|x64.Build.0 = Release|Any CPU
		{37433088-6EAA-4E6D-B3E1-97A194AA2297}.Release|x86.ActiveCfg = Release|Any CPU
		{37433088-6EAA-4E6D-B3E1-97A194AA2297}.Release|x86.Build.0 = Release|Any CPU
		{6A1A4807-1068-4074-A6B8-336B5691B6FB}.Debug|Any CPU.ActiveCfg = Debug|Any CPU
		{6A1A4807-1068-4074-A6B8-336B5691B6FB}.Debug|Any CPU.Build.0 = Debug|Any CPU
		{6A1A4807-1068-4074-A6B8-336B5691B6FB}.Debug|x64.ActiveCfg = Debug|Any CPU
		{6A1A4807-1068-4074-A6B8-336B5691B6FB}.Debug|x64.Build.0 = Debug|Any CPU
		{6A1A4807-1068-4074-A6B8-336B5691B6FB}.Debug|x86.ActiveCfg = Debug|Any CPU
		{6A1A4807-1068-4074-A6B8-336B5691B6FB}.Debug|x86.Build.0 = Debug|Any CPU
		{6A1A4807-1068-4074-A6B8-336B5691B6FB}.Release|Any CPU.ActiveCfg = Release|Any CPU
		{6A1A4807-1068-4074-A6B8-336B5691B6FB}.Release|Any CPU.Build.0 = Release|Any CPU
		{6A1A4807-1068-4074-A6B8-336B5691B6FB}.Release|x64.ActiveCfg = Release|Any CPU
		{6A1A4807-1068-4074-A6B8-336B5691B6FB}.Release|x64.Build.0 = Release|Any CPU
		{6A1A4807-1068-4074-A6B8-336B5691B6FB}.Release|x86.ActiveCfg = Release|Any CPU
		{6A1A4807-1068-4074-A6B8-336B5691B6FB}.Release|x86.Build.0 = Release|Any CPU
		{F7D6D199-F83B-4417-B246-2AE708ADA9DB}.Debug|Any CPU.ActiveCfg = Debug|Any CPU
		{F7D6D199-F83B-4417-B246-2AE708ADA9DB}.Debug|Any CPU.Build.0 = Debug|Any CPU
		{F7D6D199-F83B-4417-B246-2AE708ADA9DB}.Debug|x64.ActiveCfg = Debug|Any CPU
		{F7D6D199-F83B-4417-B246-2AE708ADA9DB}.Debug|x64.Build.0 = Debug|Any CPU
		{F7D6D199-F83B-4417-B246-2AE708ADA9DB}.Debug|x86.ActiveCfg = Debug|Any CPU
		{F7D6D199-F83B-4417-B246-2AE708ADA9DB}.Debug|x86.Build.0 = Debug|Any CPU
		{F7D6D199-F83B-4417-B246-2AE708ADA9DB}.Release|Any CPU.ActiveCfg = Release|Any CPU
		{F7D6D199-F83B-4417-B246-2AE708ADA9DB}.Release|Any CPU.Build.0 = Release|Any CPU
		{F7D6D199-F83B-4417-B246-2AE708ADA9DB}.Release|x64.ActiveCfg = Release|Any CPU
		{F7D6D199-F83B-4417-B246-2AE708ADA9DB}.Release|x64.Build.0 = Release|Any CPU
		{F7D6D199-F83B-4417-B246-2AE708ADA9DB}.Release|x86.ActiveCfg = Release|Any CPU
		{F7D6D199-F83B-4417-B246-2AE708ADA9DB}.Release|x86.Build.0 = Release|Any CPU
	EndGlobalSection
EndGlobal
